{
  "pins" : [
    {
      "identity" : "otpkit-test",
      "kind" : "remoteSourceControl",
      "location" : "https://github.com/hilmyveradin/otpkit-test",
      "state" : {
        "branch" : "master",
        "revision" : "18d068d1aa0c92bb07400d46b0b6780c881f1d11"
      }
    }
  ],
  "version" : 2
}
