{
  "pins" : [
    {
      "identity" : "otpkit-test",
      "kind" : "remoteSourceControl",
      "location" : "https://github.com/hilmyveradin/otpkit-test",
      "state" : {
        "branch" : "master",
        "revision" : "f1599df2a6321e331a5067fe485b4b2599d89b37"
      }
    }
  ],
  "version" : 2
}
